
Microsoft Visual Studio Solution File, Format Version 12.00
# Visual Studio Version 17
VisualStudioVersion = 17.0.32112.339
MinimumVisualStudioVersion = 10.0.40219.1
Project("{FAE04EC0-301F-11D3-BF4B-00C04F79EFBC}") = "Arrays - mission 2 - increasing level difficulty", "Arrays - mission 2 - increasing level difficulty.csproj", "{20DF5AD5-FB6F-438F-8493-870AB9D45A5D}"
EndProject
Global
	GlobalSection(SolutionConfigurationPlatforms) = preSolution
		Debug|Any CPU = Debug|Any CPU
		Release|Any CPU = Release|Any CPU
	EndGlobalSection
	GlobalSection(ProjectConfigurationPlatforms) = postSolution
		{20DF5AD5-FB6F-438F-8493-870AB9D45A5D}.Debug|Any CPU.ActiveCfg = Debug|Any CPU
		{20DF5AD5-FB6F-438F-8493-870AB9D45A5D}.Debug|Any CPU.Build.0 = Debug|Any CPU
		{20DF5AD5-FB6F-438F-8493-870AB9D45A5D}.Release|Any CPU.ActiveCfg = Release|Any CPU
		{20DF5AD5-FB6F-438F-8493-870AB9D45A5D}.Release|Any CPU.Build.0 = Release|Any CPU
	EndGlobalSection
	GlobalSection(SolutionProperties) = preSolution
		HideSolutionNode = FALSE
	EndGlobalSection
	GlobalSection(ExtensibilityGlobals) = postSolution
		SolutionGuid = {6FF031AB-6CC5-44F7-B666-234C8FCAF71E}
	EndGlobalSection
EndGlobal
